
Microsoft Visual Studio Solution File, Format Version 12.00
# Visual Studio Version 17
VisualStudioVersion = 17.9.34701.34
MinimumVisualStudioVersion = 10.0.40219.1
Project("{FAE04EC0-301F-11D3-BF4B-00C04F79EFBC}") = "KWU_Splendor", "KWU_Splendor\KWU_Splendor.csproj", "{7012ED70-E1A5-45E4-B0F7-9C83A9A32D06}"
EndProject
Project("{FAE04EC0-301F-11D3-BF4B-00C04F79EFBC}") = "CardDB", "CardDB\CardDB.csproj", "{5B668231-E1CE-4F40-B455-4AB0A9314580}"
EndProject
Project("{FAE04EC0-301F-11D3-BF4B-00C04F79EFBC}") = "GameRule", "GameRule\GameRule.csproj", "{4D87D7F5-539C-4BFE-9960-59DEE4E67619}"
EndProject
Global
	GlobalSection(SolutionConfigurationPlatforms) = preSolution
		Debug|Any CPU = Debug|Any CPU
		Release|Any CPU = Release|Any CPU
	EndGlobalSection
	GlobalSection(ProjectConfigurationPlatforms) = postSolution
		{7012ED70-E1A5-45E4-B0F7-9C83A9A32D06}.Debug|Any CPU.ActiveCfg = Debug|Any CPU
		{7012ED70-E1A5-45E4-B0F7-9C83A9A32D06}.Debug|Any CPU.Build.0 = Debug|Any CPU
		{7012ED70-E1A5-45E4-B0F7-9C83A9A32D06}.Release|Any CPU.ActiveCfg = Release|Any CPU
		{7012ED70-E1A5-45E4-B0F7-9C83A9A32D06}.Release|Any CPU.Build.0 = Release|Any CPU
		{5B668231-E1CE-4F40-B455-4AB0A9314580}.Debug|Any CPU.ActiveCfg = Debug|Any CPU
		{5B668231-E1CE-4F40-B455-4AB0A9314580}.Debug|Any CPU.Build.0 = Debug|Any CPU
		{5B668231-E1CE-4F40-B455-4AB0A9314580}.Release|Any CPU.ActiveCfg = Release|Any CPU
		{5B668231-E1CE-4F40-B455-4AB0A9314580}.Release|Any CPU.Build.0 = Release|Any CPU
		{4D87D7F5-539C-4BFE-9960-59DEE4E67619}.Debug|Any CPU.ActiveCfg = Debug|Any CPU
		{4D87D7F5-539C-4BFE-9960-59DEE4E67619}.Debug|Any CPU.Build.0 = Debug|Any CPU
		{4D87D7F5-539C-4BFE-9960-59DEE4E67619}.Release|Any CPU.ActiveCfg = Release|Any CPU
		{4D87D7F5-539C-4BFE-9960-59DEE4E67619}.Release|Any CPU.Build.0 = Release|Any CPU
	EndGlobalSection
	GlobalSection(SolutionProperties) = preSolution
		HideSolutionNode = FALSE
	EndGlobalSection
	GlobalSection(ExtensibilityGlobals) = postSolution
		SolutionGuid = {D1DC85F0-1759-4342-885E-A53B2D39DBDE}
	EndGlobalSection
EndGlobal
